{
  "version": 4,
  "terraform_version": "1.5.3",
  "serial": 423,
  "lineage": "1bafd3c3-e2c3-8256-db0b-e95323872a63",
  "outputs": {},
  "resources": [
    {
      "module": "module.functionapp",
      "mode": "data",
      "type": "azuread_service_principal",
      "name": "sp_functionapp",
      "provider": "provider[\"registry.terraform.io/hashicorp/azuread\"]",
      "instances": [
        {
          "schema_version": 0,
          "attributes": {
            "account_enabled": true,
            "alternative_names": [
              "isExplicit=False",
              "/subscriptions/df0efa10-c8be-4811-89aa-b1e04acba207/resourcegroups/TF-Api-backend/providers/Microsoft.Web/sites/TF-functionapp"
            ],
            "app_role_assignment_required": false,
            "app_role_ids": {},
            "app_roles": [],
            "application_id": "df2c0b6f-12fb-478e-95af-40117cb1513e",
            "application_tenant_id": "",
            "client_id": "df2c0b6f-12fb-478e-95af-40117cb1513e",
            "description": "",
            "display_name": "TF-functionapp",
            "feature_tags": [
              {
                "custom_single_sign_on": false,
                "enterprise": false,
                "gallery": false,
                "hide": false
              }
            ],
            "features": [
              {
                "custom_single_sign_on_app": false,
                "enterprise_application": false,
                "gallery_application": false,
                "visible_to_users": true
              }
            ],
            "homepage_url": "",
            "id": "563f145c-9bd4-434e-b65a-718c8e1ed0f2",
            "login_url": "",
            "logout_url": "",
            "notes": "",
            "notification_email_addresses": [],
            "oauth2_permission_scope_ids": {},
            "oauth2_permission_scopes": [],
            "object_id": "563f145c-9bd4-434e-b65a-718c8e1ed0f2",
            "preferred_single_sign_on_mode": "",
            "redirect_uris": [],
            "saml_metadata_url": "",
            "saml_single_sign_on": [],
            "service_principal_names": [
              "https://identity.azure.net/n22l7HRrS7xTHcNssT0GQVyuPvn6CYKF0+3T3CEnBNM="
            ],
            "sign_in_audience": "",
            "tags": [],
            "timeouts": null,
            "type": "ManagedIdentity"
          },
          "sensitive_attributes": []
        }
      ]
    },
    {
      "module": "module.functionapp",
      "mode": "data",
      "type": "azurerm_client_config",
      "name": "current",
      "provider": "provider[\"registry.terraform.io/hashicorp/azurerm\"]",
      "instances": [
        {
          "schema_version": 0,
          "attributes": {
            "client_id": "04b07795-8ddb-461a-bbee-02f9e1bf7b46",
            "id": "Y2xpZW50Q29uZmlncy9jbGllbnRJZD0wNGIwNzc5NS04ZGRiLTQ2MWEtYmJlZS0wMmY5ZTFiZjdiNDY7b2JqZWN0SWQ9OTg0YmEwODQtZGYwMy00MzAwLTg3NmQtYzA3OTM4YmQ4NzFmO3N1YnNjcmlwdGlvbklkPWRmMGVmYTEwLWM4YmUtNDgxMS04OWFhLWIxZTA0YWNiYTIwNzt0ZW5hbnRJZD1iODljZDE0Mi1mMTQ4LTQ2OWYtOTg5MS1mZDYzM2JkZDdkODI=",
            "object_id": "984ba084-df03-4300-876d-c07938bd871f",
            "subscription_id": "df0efa10-c8be-4811-89aa-b1e04acba207",
            "tenant_id": "b89cd142-f148-469f-9891-fd633bdd7d82",
            "timeouts": null
          },
          "sensitive_attributes": []
        }
      ]
    },
    {
      "module": "module.functionapp",
      "mode": "data",
      "type": "azurerm_cosmosdb_account",
      "name": "cosmosdb",
      "provider": "provider[\"registry.terraform.io/hashicorp/azurerm\"]",
      "instances": [
        {
          "schema_version": 0,
          "attributes": {
            "capabilities": [
              {
                "name": "EnableTable"
              },
              {
                "name": "EnableServerless"
              }
            ],
            "connection_strings": [
              "AccountEndpoint=https://db-one-chall.documents.azure.com:443/;AccountKey=X1lR6u5QnL0yUBVoPJfqcZK2wCZoWIS3CXnReX8T10tnGl08P1PvgtRrVY8GU8IBOu7NxcpUXhBZACDbVcQKmQ==;",
              "AccountEndpoint=https://db-one-chall.documents.azure.com:443/;AccountKey=0Jp7C4AfpHFSpg9qz9wX5Ss43ufmMBbYpkBSL1iLpw8TRVouMILphAs1dIHefbL7t7YEgVcm9zdgACDbTYXbcw==;",
              "AccountEndpoint=https://db-one-chall.documents.azure.com:443/;AccountKey=vP8tCk37bAODPW1MkUPva8UXcGsdPpQzffeIUJLVzhoys37BvchBvhOAmMVhgcPdt96UEYBqdIvGACDbSJpNCQ==;",
              "AccountEndpoint=https://db-one-chall.documents.azure.com:443/;AccountKey=q1ndVgYxZlrRbfIQN3XeEaDXFxGy3w9tVt4BCaibSJ0cTxEe7So1SQzKwhyD4wTknn0zQQdehhmpACDb6Qnscg==;",
              "DefaultEndpointsProtocol=https;AccountName=db-one-chall;AccountKey=X1lR6u5QnL0yUBVoPJfqcZK2wCZoWIS3CXnReX8T10tnGl08P1PvgtRrVY8GU8IBOu7NxcpUXhBZACDbVcQKmQ==;TableEndpoint=https://db-one-chall.table.cosmos.azure.com:443/;",
              "DefaultEndpointsProtocol=https;AccountName=db-one-chall;AccountKey=0Jp7C4AfpHFSpg9qz9wX5Ss43ufmMBbYpkBSL1iLpw8TRVouMILphAs1dIHefbL7t7YEgVcm9zdgACDbTYXbcw==;TableEndpoint=https://db-one-chall.table.cosmos.azure.com:443/;",
              "DefaultEndpointsProtocol=https;AccountName=db-one-chall;AccountKey=vP8tCk37bAODPW1MkUPva8UXcGsdPpQzffeIUJLVzhoys37BvchBvhOAmMVhgcPdt96UEYBqdIvGACDbSJpNCQ==;TableEndpoint=https://db-one-chall.table.cosmos.azure.com:443/;",
              "DefaultEndpointsProtocol=https;AccountName=db-one-chall;AccountKey=q1ndVgYxZlrRbfIQN3XeEaDXFxGy3w9tVt4BCaibSJ0cTxEe7So1SQzKwhyD4wTknn0zQQdehhmpACDb6Qnscg==;TableEndpoint=https://db-one-chall.table.cosmos.azure.com:443/;"
            ],
            "consistency_policy": [
              {
                "consistency_level": "BoundedStaleness",
                "max_interval_in_seconds": 86400,
                "max_staleness_prefix": 1000000
              }
            ],
            "enable_automatic_failover": false,
            "enable_free_tier": false,
            "enable_multiple_write_locations": false,
            "endpoint": "https://db-one-chall.documents.azure.com:443/",
            "geo_location": [
              {
                "failover_priority": 0,
                "id": "db-one-chall-westeurope",
                "location": "westeurope"
              }
            ],
            "id": "/subscriptions/df0efa10-c8be-4811-89aa-b1e04acba207/resourceGroups/API-chall-cloud/providers/Microsoft.DocumentDB/databaseAccounts/db-one-chall",
            "ip_range_filter": "",
            "is_virtual_network_filter_enabled": false,
            "key_vault_key_id": null,
            "kind": "GlobalDocumentDB",
            "location": "westeurope",
            "name": "db-one-chall",
            "offer_type": "Standard",
            "primary_key": "X1lR6u5QnL0yUBVoPJfqcZK2wCZoWIS3CXnReX8T10tnGl08P1PvgtRrVY8GU8IBOu7NxcpUXhBZACDbVcQKmQ==",
            "primary_mongodb_connection_string": null,
            "primary_readonly_key": "vP8tCk37bAODPW1MkUPva8UXcGsdPpQzffeIUJLVzhoys37BvchBvhOAmMVhgcPdt96UEYBqdIvGACDbSJpNCQ==",
            "primary_readonly_mongodb_connection_string": null,
            "primary_readonly_sql_connection_string": "AccountEndpoint=https://db-one-chall.documents.azure.com:443/;AccountKey=vP8tCk37bAODPW1MkUPva8UXcGsdPpQzffeIUJLVzhoys37BvchBvhOAmMVhgcPdt96UEYBqdIvGACDbSJpNCQ==;",
            "primary_sql_connection_string": "AccountEndpoint=https://db-one-chall.documents.azure.com:443/;AccountKey=X1lR6u5QnL0yUBVoPJfqcZK2wCZoWIS3CXnReX8T10tnGl08P1PvgtRrVY8GU8IBOu7NxcpUXhBZACDbVcQKmQ==;",
            "read_endpoints": [
              "https://db-one-chall-westeurope.documents.azure.com:443/"
            ],
            "resource_group_name": "API-chall-cloud",
            "secondary_key": "0Jp7C4AfpHFSpg9qz9wX5Ss43ufmMBbYpkBSL1iLpw8TRVouMILphAs1dIHefbL7t7YEgVcm9zdgACDbTYXbcw==",
            "secondary_mongodb_connection_string": null,
            "secondary_readonly_key": "q1ndVgYxZlrRbfIQN3XeEaDXFxGy3w9tVt4BCaibSJ0cTxEe7So1SQzKwhyD4wTknn0zQQdehhmpACDb6Qnscg==",
            "secondary_readonly_mongodb_connection_string": null,
            "secondary_readonly_sql_connection_string": "AccountEndpoint=https://db-one-chall.documents.azure.com:443/;AccountKey=q1ndVgYxZlrRbfIQN3XeEaDXFxGy3w9tVt4BCaibSJ0cTxEe7So1SQzKwhyD4wTknn0zQQdehhmpACDb6Qnscg==;",
            "secondary_sql_connection_string": "AccountEndpoint=https://db-one-chall.documents.azure.com:443/;AccountKey=0Jp7C4AfpHFSpg9qz9wX5Ss43ufmMBbYpkBSL1iLpw8TRVouMILphAs1dIHefbL7t7YEgVcm9zdgACDbTYXbcw==;",
            "tags": {
              "defaultExperience": "Azure Table",
              "hidden-cosmos-mmspecial": ""
            },
            "timeouts": null,
            "virtual_network_rule": [],
            "write_endpoints": [
              "https://db-one-chall-westeurope.documents.azure.com:443/"
            ]
          },
          "sensitive_attributes": []
        }
      ]
    },
    {
      "module": "module.functionapp",
      "mode": "managed",
      "type": "azurerm_application_insights",
      "name": "main",
      "provider": "provider[\"registry.terraform.io/hashicorp/azurerm\"]",
      "instances": [
        {
          "schema_version": 1,
          "attributes": {
            "app_id": "9017fd1a-e3f2-42cc-b7fb-600b140874a1",
            "application_type": "web",
            "connection_string": "InstrumentationKey=06ed3ae9-5c2d-40a9-8391-4953bdb3c515;IngestionEndpoint=https://westeurope-4.in.applicationinsights.azure.com/;LiveEndpoint=https://westeurope.livediagnostics.monitor.azure.com/",
            "daily_data_cap_in_gb": 100,
            "daily_data_cap_notifications_disabled": false,
            "disable_ip_masking": false,
            "force_customer_storage_for_profiler": false,
            "id": "/subscriptions/df0efa10-c8be-4811-89aa-b1e04acba207/resourceGroups/TF-Api-backend/providers/Microsoft.Insights/components/appi-tfcloudresume",
            "instrumentation_key": "06ed3ae9-5c2d-40a9-8391-4953bdb3c515",
            "internet_ingestion_enabled": true,
            "internet_query_enabled": true,
            "local_authentication_disabled": false,
            "location": "westeurope",
            "name": "appi-tfcloudresume",
            "resource_group_name": "TF-Api-backend",
            "retention_in_days": 90,
            "sampling_percentage": 100,
            "tags": {},
            "timeouts": null,
            "workspace_id": ""
          },
          "sensitive_attributes": [],
          "private": "eyJlMmJmYjczMC1lY2FhLTExZTYtOGY4OC0zNDM2M2JjN2M0YzAiOnsiY3JlYXRlIjozNjAwMDAwMDAwMDAwLCJkZWxldGUiOjE4MDAwMDAwMDAwMDAsInJlYWQiOjMwMDAwMDAwMDAwMCwidXBkYXRlIjoxODAwMDAwMDAwMDAwfSwic2NoZW1hX3ZlcnNpb24iOiIxIn0=",
          "dependencies": [
            "module.functionapp.azurerm_resource_group.rsgroup"
          ]
        }
      ]
    },
    {
      "module": "module.functionapp",
      "mode": "managed",
      "type": "azurerm_key_vault",
      "name": "key_vault",
      "provider": "provider[\"registry.terraform.io/hashicorp/azurerm\"]",
      "instances": [
        {
          "schema_version": 2,
          "attributes": {
            "access_policy": [
              {
                "application_id": "",
                "certificate_permissions": [],
                "key_permissions": [
                  "Backup",
                  "Create",
                  "Decrypt",
                  "Delete",
                  "Encrypt",
                  "Get",
                  "Import",
                  "List",
                  "Purge",
                  "Recover",
                  "Restore",
                  "Sign",
                  "UnwrapKey",
                  "Update",
                  "Verify",
                  "WrapKey",
                  "Release",
                  "Rotate",
                  "GetRotationPolicy",
                  "SetRotationPolicy"
                ],
                "object_id": "984ba084-df03-4300-876d-c07938bd871f",
                "secret_permissions": [
                  "Get",
                  "Backup",
                  "Delete",
                  "List",
                  "Purge",
                  "Recover",
                  "Restore",
                  "Set"
                ],
                "storage_permissions": [],
                "tenant_id": "b89cd142-f148-469f-9891-fd633bdd7d82"
              },
              {
                "application_id": "",
                "certificate_permissions": [],
                "key_permissions": [],
                "object_id": "563f145c-9bd4-434e-b65a-718c8e1ed0f2",
                "secret_permissions": [
                  "Get"
                ],
                "storage_permissions": [],
                "tenant_id": "b89cd142-f148-469f-9891-fd633bdd7d82"
              }
            ],
            "contact": [],
            "enable_rbac_authorization": false,
            "enabled_for_deployment": false,
            "enabled_for_disk_encryption": true,
            "enabled_for_template_deployment": false,
            "id": "/subscriptions/df0efa10-c8be-4811-89aa-b1e04acba207/resourceGroups/TF-Api-backend/providers/Microsoft.KeyVault/vaults/kv-cloudresume",
            "location": "westeurope",
            "name": "kv-cloudresume",
            "network_acls": [
              {
                "bypass": "AzureServices",
                "default_action": "Deny",
                "ip_rules": [
                  "91.175.109.134/32"
                ],
                "virtual_network_subnet_ids": []
              }
            ],
            "public_network_access_enabled": true,
            "purge_protection_enabled": false,
            "resource_group_name": "TF-Api-backend",
            "sku_name": "standard",
            "soft_delete_retention_days": 7,
            "tags": {},
            "tenant_id": "b89cd142-f148-469f-9891-fd633bdd7d82",
            "timeouts": null,
            "vault_uri": "https://kv-cloudresume.vault.azure.net/"
          },
          "sensitive_attributes": [],
          "private": "eyJlMmJmYjczMC1lY2FhLTExZTYtOGY4OC0zNDM2M2JjN2M0YzAiOnsiY3JlYXRlIjoxODAwMDAwMDAwMDAwLCJkZWxldGUiOjE4MDAwMDAwMDAwMDAsInJlYWQiOjMwMDAwMDAwMDAwMCwidXBkYXRlIjoxODAwMDAwMDAwMDAwfSwic2NoZW1hX3ZlcnNpb24iOiIyIn0=",
          "dependencies": [
            "module.functionapp.azurerm_resource_group.rsgroup",
            "module.functionapp.data.azurerm_client_config.current"
          ]
        }
      ]
    },
    {
      "module": "module.functionapp",
      "mode": "managed",
      "type": "azurerm_key_vault_access_policy",
      "name": "access_policy",
      "provider": "provider[\"registry.terraform.io/hashicorp/azurerm\"]",
      "instances": [
        {
          "schema_version": 0,
          "attributes": {
            "application_id": null,
            "certificate_permissions": null,
            "id": "/subscriptions/df0efa10-c8be-4811-89aa-b1e04acba207/resourceGroups/TF-Api-backend/providers/Microsoft.KeyVault/vaults/kv-cloudresume/objectId/563f145c-9bd4-434e-b65a-718c8e1ed0f2",
            "key_permissions": null,
            "key_vault_id": "/subscriptions/df0efa10-c8be-4811-89aa-b1e04acba207/resourceGroups/TF-Api-backend/providers/Microsoft.KeyVault/vaults/kv-cloudresume",
            "object_id": "563f145c-9bd4-434e-b65a-718c8e1ed0f2",
            "secret_permissions": [
              "Get"
            ],
            "storage_permissions": null,
            "tenant_id": "b89cd142-f148-469f-9891-fd633bdd7d82",
            "timeouts": null
          },
          "sensitive_attributes": [],
          "private": "eyJlMmJmYjczMC1lY2FhLTExZTYtOGY4OC0zNDM2M2JjN2M0YzAiOnsiY3JlYXRlIjoxODAwMDAwMDAwMDAwLCJkZWxldGUiOjE4MDAwMDAwMDAwMDAsInJlYWQiOjMwMDAwMDAwMDAwMCwidXBkYXRlIjoxODAwMDAwMDAwMDAwfX0=",
          "dependencies": [
            "module.functionapp.azurerm_application_insights.main",
            "module.functionapp.azurerm_key_vault.key_vault",
            "module.functionapp.azurerm_linux_function_app.functionapp",
            "module.functionapp.azurerm_resource_group.rsgroup",
            "module.functionapp.azurerm_service_plan.service_plan",
            "module.functionapp.data.azuread_service_principal.sp_functionapp",
            "module.functionapp.data.azurerm_client_config.current",
            "module.static-website.azurerm_storage_account.account_website"
          ]
        }
      ]
    },
    {
      "module": "module.functionapp",
      "mode": "managed",
      "type": "azurerm_key_vault_access_policy",
      "name": "access_policy_user",
      "provider": "provider[\"registry.terraform.io/hashicorp/azurerm\"]",
      "instances": [
        {
          "schema_version": 0,
          "attributes": {
            "application_id": "",
            "certificate_permissions": [],
            "id": "/subscriptions/df0efa10-c8be-4811-89aa-b1e04acba207/resourceGroups/TF-Api-backend/providers/Microsoft.KeyVault/vaults/kv-cloudresume/objectId/984ba084-df03-4300-876d-c07938bd871f",
            "key_permissions": [
              "Backup",
              "Create",
              "Decrypt",
              "Delete",
              "Encrypt",
              "Get",
              "Import",
              "List",
              "Purge",
              "Recover",
              "Restore",
              "Sign",
              "UnwrapKey",
              "Update",
              "Verify",
              "WrapKey",
              "Release",
              "Rotate",
              "GetRotationPolicy",
              "SetRotationPolicy"
            ],
            "key_vault_id": "/subscriptions/df0efa10-c8be-4811-89aa-b1e04acba207/resourceGroups/TF-Api-backend/providers/Microsoft.KeyVault/vaults/kv-cloudresume",
            "object_id": "984ba084-df03-4300-876d-c07938bd871f",
            "secret_permissions": [
              "Get",
              "Backup",
              "Delete",
              "List",
              "Purge",
              "Recover",
              "Restore",
              "Set"
            ],
            "storage_permissions": [],
            "tenant_id": "b89cd142-f148-469f-9891-fd633bdd7d82",
            "timeouts": null
          },
          "sensitive_attributes": [],
          "private": "eyJlMmJmYjczMC1lY2FhLTExZTYtOGY4OC0zNDM2M2JjN2M0YzAiOnsiY3JlYXRlIjoxODAwMDAwMDAwMDAwLCJkZWxldGUiOjE4MDAwMDAwMDAwMDAsInJlYWQiOjMwMDAwMDAwMDAwMCwidXBkYXRlIjoxODAwMDAwMDAwMDAwfX0=",
          "dependencies": [
            "module.functionapp.azurerm_key_vault.key_vault",
            "module.functionapp.azurerm_resource_group.rsgroup",
            "module.functionapp.data.azurerm_client_config.current"
          ]
        }
      ]
    },
    {
      "module": "module.functionapp",
      "mode": "managed",
      "type": "azurerm_key_vault_secret",
      "name": "secretcosmosdb",
      "provider": "provider[\"registry.terraform.io/hashicorp/azurerm\"]",
      "instances": [
        {
          "schema_version": 0,
          "attributes": {
            "content_type": "",
            "expiration_date": null,
            "id": "https://kv-cloudresume.vault.azure.net/secrets/Connectionstringdb/d2267a0aecbe41818ecc957d67f157d6",
            "key_vault_id": "/subscriptions/df0efa10-c8be-4811-89aa-b1e04acba207/resourceGroups/TF-Api-backend/providers/Microsoft.KeyVault/vaults/kv-cloudresume",
            "name": "Connectionstringdb",
            "not_before_date": null,
            "resource_id": "/subscriptions/df0efa10-c8be-4811-89aa-b1e04acba207/resourceGroups/TF-Api-backend/providers/Microsoft.KeyVault/vaults/kv-cloudresume/secrets/Connectionstringdb/versions/d2267a0aecbe41818ecc957d67f157d6",
            "resource_versionless_id": "/subscriptions/df0efa10-c8be-4811-89aa-b1e04acba207/resourceGroups/TF-Api-backend/providers/Microsoft.KeyVault/vaults/kv-cloudresume/secrets/Connectionstringdb",
            "tags": {},
            "timeouts": null,
            "value": "AccountEndpoint=https://db-one-chall.documents.azure.com:443/;AccountKey=X1lR6u5QnL0yUBVoPJfqcZK2wCZoWIS3CXnReX8T10tnGl08P1PvgtRrVY8GU8IBOu7NxcpUXhBZACDbVcQKmQ==;",
            "version": "d2267a0aecbe41818ecc957d67f157d6",
            "versionless_id": "https://kv-cloudresume.vault.azure.net/secrets/Connectionstringdb"
          },
          "sensitive_attributes": [
            [
              {
                "type": "get_attr",
                "value": "value"
              }
            ]
          ],
          "private": "eyJlMmJmYjczMC1lY2FhLTExZTYtOGY4OC0zNDM2M2JjN2M0YzAiOnsiY3JlYXRlIjoxODAwMDAwMDAwMDAwLCJkZWxldGUiOjE4MDAwMDAwMDAwMDAsInJlYWQiOjE4MDAwMDAwMDAwMDAsInVwZGF0ZSI6MTgwMDAwMDAwMDAwMH19",
          "dependencies": [
            "module.functionapp.azurerm_application_insights.main",
            "module.functionapp.azurerm_key_vault.key_vault",
            "module.functionapp.azurerm_key_vault_access_policy.access_policy",
            "module.functionapp.azurerm_key_vault_access_policy.access_policy_user",
            "module.functionapp.azurerm_linux_function_app.functionapp",
            "module.functionapp.azurerm_resource_group.rsgroup",
            "module.functionapp.azurerm_service_plan.service_plan",
            "module.functionapp.data.azuread_service_principal.sp_functionapp",
            "module.functionapp.data.azurerm_client_config.current",
            "module.functionapp.data.azurerm_cosmosdb_account.cosmosdb",
            "module.static-website.azurerm_resource_group.static_website_tf",
            "module.static-website.azurerm_storage_account.account_website"
          ]
        }
      ]
    },
    {
      "module": "module.functionapp",
      "mode": "managed",
      "type": "azurerm_linux_function_app",
      "name": "functionapp",
      "provider": "provider[\"registry.terraform.io/hashicorp/azurerm\"]",
      "instances": [
        {
          "schema_version": 0,
          "attributes": {
            "app_settings": {
              "AzureWebJobsFeatureFlags": "EnableWorkerIndexing",
              "ENABLE_ORYX_BUILD": "true",
              "FUNCTIONS_WORKER_RUNTIME": "python",
              "KEY_VAULT_NAME": "kv-cloudresume",
              "SCM_DO_BUILD_DURING_DEPLOYMENT": "true"
            },
            "auth_settings": [],
            "auth_settings_v2": [],
            "backup": [],
            "builtin_logging_enabled": true,
            "client_certificate_enabled": false,
            "client_certificate_exclusion_paths": "",
            "client_certificate_mode": "Optional",
            "connection_string": [],
            "content_share_force_disabled": false,
            "custom_domain_verification_id": "768D296ECEF2B3DE2C492898F0F668D4E00C3F76FD23E337FADB431DF8A39481",
            "daily_memory_time_quota": 0,
            "default_hostname": "tf-functionapp.azurewebsites.net",
            "enabled": true,
            "ftp_publish_basic_authentication_enabled": true,
            "functions_extension_version": "~4",
            "hosting_environment_id": "",
            "https_only": false,
            "id": "/subscriptions/df0efa10-c8be-4811-89aa-b1e04acba207/resourceGroups/TF-Api-backend/providers/Microsoft.Web/sites/TF-functionapp",
            "identity": [
              {
                "identity_ids": [],
                "principal_id": "563f145c-9bd4-434e-b65a-718c8e1ed0f2",
                "tenant_id": "b89cd142-f148-469f-9891-fd633bdd7d82",
                "type": "SystemAssigned"
              }
            ],
            "key_vault_reference_identity_id": "SystemAssigned",
            "kind": "functionapp,linux",
            "location": "westeurope",
            "name": "TF-functionapp",
            "outbound_ip_address_list": [
              "51.136.23.153",
              "40.68.112.57",
              "40.68.116.140",
              "13.95.22.106",
              "52.178.79.163"
            ],
            "outbound_ip_addresses": "51.136.23.153,40.68.112.57,40.68.116.140,13.95.22.106,52.178.79.163",
            "possible_outbound_ip_address_list": [
              "51.136.23.153",
              "40.68.112.57",
              "40.68.116.140",
              "13.95.22.106",
              "51.144.3.140",
              "51.145.152.217",
              "20.73.226.104",
              "20.73.227.12",
              "20.73.227.248",
              "20.73.228.135",
              "20.73.230.124",
              "20.31.170.69",
              "20.31.171.67",
              "20.31.171.127",
              "20.31.172.7",
              "20.31.172.128",
              "20.31.172.125",
              "20.31.172.162",
              "52.178.79.163"
            ],
            "possible_outbound_ip_addresses": "51.136.23.153,40.68.112.57,40.68.116.140,13.95.22.106,51.144.3.140,51.145.152.217,20.73.226.104,20.73.227.12,20.73.227.248,20.73.228.135,20.73.230.124,20.31.170.69,20.31.171.67,20.31.171.127,20.31.172.7,20.31.172.128,20.31.172.125,20.31.172.162,52.178.79.163",
            "public_network_access_enabled": true,
            "resource_group_name": "TF-Api-backend",
            "service_plan_id": "/subscriptions/df0efa10-c8be-4811-89aa-b1e04acba207/resourceGroups/TF-Api-backend/providers/Microsoft.Web/serverfarms/Api-backend",
            "site_config": [
              {
                "always_on": false,
                "api_definition_url": "",
                "api_management_api_id": "",
                "app_command_line": "",
                "app_scale_limit": 200,
                "app_service_logs": [],
                "application_insights_connection_string": "",
                "application_insights_key": "06ed3ae9-5c2d-40a9-8391-4953bdb3c515",
                "application_stack": [
                  {
                    "docker": [],
                    "dotnet_version": "",
                    "java_version": "",
                    "node_version": "",
                    "powershell_core_version": "",
                    "python_version": "3.10",
                    "use_custom_runtime": false,
                    "use_dotnet_isolated_runtime": false
                  }
                ],
                "container_registry_managed_identity_client_id": "",
                "container_registry_use_managed_identity": false,
                "cors": [
                  {
                    "allowed_origins": [
                      "https://portal.azure.com",
                      "https://staticwebresume.azureedge.net"
                    ],
                    "support_credentials": true
                  }
                ],
                "default_documents": [
                  "Default.htm",
                  "Default.html",
                  "Default.asp",
                  "index.htm",
                  "index.html",
                  "iisstart.htm",
                  "default.aspx",
                  "index.php"
                ],
                "detailed_error_logging_enabled": false,
                "elastic_instance_minimum": 0,
                "ftps_state": "Disabled",
                "health_check_eviction_time_in_min": 0,
                "health_check_path": "",
                "http2_enabled": false,
                "ip_restriction": [],
                "linux_fx_version": "PYTHON|3.10",
                "load_balancing_mode": "LeastRequests",
                "managed_pipeline_mode": "Integrated",
                "minimum_tls_version": "1.2",
                "pre_warmed_instance_count": 0,
                "remote_debugging_enabled": false,
                "remote_debugging_version": "",
                "runtime_scale_monitoring_enabled": false,
                "scm_ip_restriction": [],
                "scm_minimum_tls_version": "1.2",
                "scm_type": "None",
                "scm_use_main_ip_restriction": false,
                "use_32_bit_worker": false,
                "vnet_route_all_enabled": false,
                "websockets_enabled": false,
                "worker_count": 1
              }
            ],
            "site_credential": [
              {
                "name": "$TF-functionapp",
                "password": "BckWMS2MvPiPycq6WLYcpRato6JnSPnaP54kMiTkFj4pAq66jxPNTAxmMK6n"
              }
            ],
            "sticky_settings": [],
            "storage_account": [],
            "storage_account_access_key": "y/Gd5eKQ1byLu3EqqVAbEuP9zVM7v1YfdxVwE0QPNZKOUBQwL9jJddQGcAqUE7tLc4wgZBrh1WgH+AStUhJ6cw==",
            "storage_account_name": "tfcloudresume1",
            "storage_key_vault_secret_id": "",
            "storage_uses_managed_identity": false,
            "tags": {},
            "timeouts": null,
            "virtual_network_subnet_id": "",
            "webdeploy_publish_basic_authentication_enabled": true,
            "zip_deploy_file": "C:/Users/Fred/Documents/IT/Cloudchall/Cloudchallenge-pythonv1/function.zip"
          },
          "sensitive_attributes": [
            [
              {
                "type": "get_attr",
                "value": "storage_account_access_key"
              }
            ]
          ],
          "private": "eyJlMmJmYjczMC1lY2FhLTExZTYtOGY4OC0zNDM2M2JjN2M0YzAiOnsiY3JlYXRlIjoxODAwMDAwMDAwMDAwLCJkZWxldGUiOjE4MDAwMDAwMDAwMDAsInJlYWQiOjMwMDAwMDAwMDAwMCwidXBkYXRlIjoxODAwMDAwMDAwMDAwfX0=",
          "dependencies": [
            "module.functionapp.azurerm_application_insights.main",
            "module.functionapp.azurerm_key_vault.key_vault",
            "module.functionapp.azurerm_resource_group.rsgroup",
            "module.functionapp.azurerm_service_plan.service_plan",
            "module.static-website.azurerm_storage_account.account_website"
          ]
        }
      ]
    },
    {
      "module": "module.functionapp",
      "mode": "managed",
      "type": "azurerm_resource_group",
      "name": "rsgroup",
      "provider": "provider[\"registry.terraform.io/hashicorp/azurerm\"]",
      "instances": [
        {
          "schema_version": 0,
          "attributes": {
            "id": "/subscriptions/df0efa10-c8be-4811-89aa-b1e04acba207/resourceGroups/TF-Api-backend",
            "location": "westeurope",
            "managed_by": "",
            "name": "TF-Api-backend",
            "tags": {},
            "timeouts": null
          },
          "sensitive_attributes": [],
          "private": "eyJlMmJmYjczMC1lY2FhLTExZTYtOGY4OC0zNDM2M2JjN2M0YzAiOnsiY3JlYXRlIjo1NDAwMDAwMDAwMDAwLCJkZWxldGUiOjU0MDAwMDAwMDAwMDAsInJlYWQiOjMwMDAwMDAwMDAwMCwidXBkYXRlIjo1NDAwMDAwMDAwMDAwfX0="
        }
      ]
    },
    {
      "module": "module.functionapp",
      "mode": "managed",
      "type": "azurerm_service_plan",
      "name": "service_plan",
      "provider": "provider[\"registry.terraform.io/hashicorp/azurerm\"]",
      "instances": [
        {
          "schema_version": 0,
          "attributes": {
            "app_service_environment_id": "",
            "id": "/subscriptions/df0efa10-c8be-4811-89aa-b1e04acba207/resourceGroups/TF-Api-backend/providers/Microsoft.Web/serverfarms/Api-backend",
            "kind": "functionapp",
            "location": "westeurope",
            "maximum_elastic_worker_count": 1,
            "name": "Api-backend",
            "os_type": "Linux",
            "per_site_scaling_enabled": false,
            "reserved": true,
            "resource_group_name": "TF-Api-backend",
            "sku_name": "Y1",
            "tags": {},
            "timeouts": null,
            "worker_count": 0,
            "zone_balancing_enabled": false
          },
          "sensitive_attributes": [],
          "private": "eyJlMmJmYjczMC1lY2FhLTExZTYtOGY4OC0zNDM2M2JjN2M0YzAiOnsiY3JlYXRlIjozNjAwMDAwMDAwMDAwLCJkZWxldGUiOjM2MDAwMDAwMDAwMDAsInJlYWQiOjMwMDAwMDAwMDAwMCwidXBkYXRlIjozNjAwMDAwMDAwMDAwfX0=",
          "dependencies": [
            "module.functionapp.azurerm_resource_group.rsgroup"
          ]
        }
      ]
    },
    {
      "module": "module.static-website",
      "mode": "managed",
      "type": "azurerm_cdn_endpoint",
      "name": "cdn_name",
      "provider": "provider[\"registry.terraform.io/hashicorp/azurerm\"]",
      "instances": [
        {
          "schema_version": 1,
          "attributes": {
            "content_types_to_compress": [],
            "delivery_rule": [],
            "fqdn": "staticwebresume.azureedge.net",
            "geo_filter": [],
            "global_delivery_rule": [],
            "id": "/subscriptions/df0efa10-c8be-4811-89aa-b1e04acba207/resourceGroups/tf_cloud_resume/providers/Microsoft.Cdn/profiles/staticwebresume/endpoints/staticwebresume",
            "is_compression_enabled": false,
            "is_http_allowed": false,
            "is_https_allowed": true,
            "location": "westeurope",
            "name": "staticwebresume",
            "optimization_type": "",
            "origin": [
              {
                "host_name": "tfcloudresume1.z6.web.core.windows.net",
                "http_port": 80,
                "https_port": 443,
                "name": "origin-tfcloudresume"
              }
            ],
            "origin_host_header": "tfcloudresume1.z6.web.core.windows.net",
            "origin_path": "",
            "probe_path": "",
            "profile_name": "staticwebresume",
            "querystring_caching_behaviour": "IgnoreQueryString",
            "resource_group_name": "tf_cloud_resume",
            "tags": {},
            "timeouts": null
          },
          "sensitive_attributes": [],
          "private": "eyJlMmJmYjczMC1lY2FhLTExZTYtOGY4OC0zNDM2M2JjN2M0YzAiOnsiY3JlYXRlIjoxODAwMDAwMDAwMDAwLCJkZWxldGUiOjE4MDAwMDAwMDAwMDAsInJlYWQiOjMwMDAwMDAwMDAwMCwidXBkYXRlIjoxODAwMDAwMDAwMDAwfSwic2NoZW1hX3ZlcnNpb24iOiIxIn0=",
          "dependencies": [
            "module.static-website.azurerm_cdn_profile.cdn_profile",
            "module.static-website.azurerm_resource_group.static_website_tf",
            "module.static-website.azurerm_storage_account.account_website"
          ]
        }
      ]
    },
    {
      "module": "module.static-website",
      "mode": "managed",
      "type": "azurerm_cdn_profile",
      "name": "cdn_profile",
      "provider": "provider[\"registry.terraform.io/hashicorp/azurerm\"]",
      "instances": [
        {
          "schema_version": 1,
          "attributes": {
            "id": "/subscriptions/df0efa10-c8be-4811-89aa-b1e04acba207/resourceGroups/tf_cloud_resume/providers/Microsoft.Cdn/profiles/staticwebresume",
            "location": "westeurope",
            "name": "staticwebresume",
            "resource_group_name": "tf_cloud_resume",
            "sku": "Standard_Microsoft",
            "tags": {},
            "timeouts": null
          },
          "sensitive_attributes": [],
          "private": "eyJlMmJmYjczMC1lY2FhLTExZTYtOGY4OC0zNDM2M2JjN2M0YzAiOnsiY3JlYXRlIjoxODAwMDAwMDAwMDAwLCJkZWxldGUiOjE4MDAwMDAwMDAwMDAsInJlYWQiOjMwMDAwMDAwMDAwMCwidXBkYXRlIjoxODAwMDAwMDAwMDAwfSwic2NoZW1hX3ZlcnNpb24iOiIxIn0=",
          "dependencies": [
            "module.static-website.azurerm_resource_group.static_website_tf"
          ]
        }
      ]
    },
    {
      "module": "module.static-website",
      "mode": "managed",
      "type": "azurerm_resource_group",
      "name": "static_website_tf",
      "provider": "provider[\"registry.terraform.io/hashicorp/azurerm\"]",
      "instances": [
        {
          "schema_version": 0,
          "attributes": {
            "id": "/subscriptions/df0efa10-c8be-4811-89aa-b1e04acba207/resourceGroups/tf_cloud_resume",
            "location": "westeurope",
            "managed_by": "",
            "name": "tf_cloud_resume",
            "tags": {},
            "timeouts": null
          },
          "sensitive_attributes": [],
          "private": "eyJlMmJmYjczMC1lY2FhLTExZTYtOGY4OC0zNDM2M2JjN2M0YzAiOnsiY3JlYXRlIjo1NDAwMDAwMDAwMDAwLCJkZWxldGUiOjU0MDAwMDAwMDAwMDAsInJlYWQiOjMwMDAwMDAwMDAwMCwidXBkYXRlIjo1NDAwMDAwMDAwMDAwfX0="
        }
      ]
    },
    {
      "module": "module.static-website",
      "mode": "managed",
      "type": "azurerm_storage_account",
      "name": "account_website",
      "provider": "provider[\"registry.terraform.io/hashicorp/azurerm\"]",
      "instances": [
        {
          "schema_version": 4,
          "attributes": {
            "access_tier": "Hot",
            "account_kind": "StorageV2",
            "account_replication_type": "LRS",
            "account_tier": "Standard",
            "allow_nested_items_to_be_public": true,
            "allowed_copy_scope": "",
            "azure_files_authentication": [],
            "blob_properties": [
              {
                "change_feed_enabled": false,
                "change_feed_retention_in_days": 0,
                "container_delete_retention_policy": [],
                "cors_rule": [],
                "default_service_version": "",
                "delete_retention_policy": [],
                "last_access_time_enabled": false,
                "restore_policy": [],
                "versioning_enabled": false
              }
            ],
            "cross_tenant_replication_enabled": true,
            "custom_domain": [],
            "customer_managed_key": [],
            "default_to_oauth_authentication": false,
            "edge_zone": "",
            "enable_https_traffic_only": true,
            "id": "/subscriptions/df0efa10-c8be-4811-89aa-b1e04acba207/resourceGroups/tf_cloud_resume/providers/Microsoft.Storage/storageAccounts/tfcloudresume1",
            "identity": [],
            "immutability_policy": [],
            "infrastructure_encryption_enabled": false,
            "is_hns_enabled": false,
            "large_file_share_enabled": null,
            "location": "westeurope",
            "min_tls_version": "TLS1_2",
            "name": "tfcloudresume1",
            "network_rules": [
              {
                "bypass": [
                  "AzureServices"
                ],
                "default_action": "Allow",
                "ip_rules": [],
                "private_link_access": [],
                "virtual_network_subnet_ids": []
              }
            ],
            "nfsv3_enabled": false,
            "primary_access_key": "y/Gd5eKQ1byLu3EqqVAbEuP9zVM7v1YfdxVwE0QPNZKOUBQwL9jJddQGcAqUE7tLc4wgZBrh1WgH+AStUhJ6cw==",
            "primary_blob_connection_string": "DefaultEndpointsProtocol=https;BlobEndpoint=https://tfcloudresume1.blob.core.windows.net/;AccountName=tfcloudresume1;AccountKey=y/Gd5eKQ1byLu3EqqVAbEuP9zVM7v1YfdxVwE0QPNZKOUBQwL9jJddQGcAqUE7tLc4wgZBrh1WgH+AStUhJ6cw==",
            "primary_blob_endpoint": "https://tfcloudresume1.blob.core.windows.net/",
            "primary_blob_host": "tfcloudresume1.blob.core.windows.net",
            "primary_blob_internet_endpoint": null,
            "primary_blob_internet_host": null,
            "primary_blob_microsoft_endpoint": null,
            "primary_blob_microsoft_host": null,
            "primary_connection_string": "DefaultEndpointsProtocol=https;AccountName=tfcloudresume1;AccountKey=y/Gd5eKQ1byLu3EqqVAbEuP9zVM7v1YfdxVwE0QPNZKOUBQwL9jJddQGcAqUE7tLc4wgZBrh1WgH+AStUhJ6cw==;EndpointSuffix=core.windows.net",
            "primary_dfs_endpoint": "https://tfcloudresume1.dfs.core.windows.net/",
            "primary_dfs_host": "tfcloudresume1.dfs.core.windows.net",
            "primary_dfs_internet_endpoint": null,
            "primary_dfs_internet_host": null,
            "primary_dfs_microsoft_endpoint": null,
            "primary_dfs_microsoft_host": null,
            "primary_file_endpoint": "https://tfcloudresume1.file.core.windows.net/",
            "primary_file_host": "tfcloudresume1.file.core.windows.net",
            "primary_file_internet_endpoint": null,
            "primary_file_internet_host": null,
            "primary_file_microsoft_endpoint": null,
            "primary_file_microsoft_host": null,
            "primary_location": "westeurope",
            "primary_queue_endpoint": "https://tfcloudresume1.queue.core.windows.net/",
            "primary_queue_host": "tfcloudresume1.queue.core.windows.net",
            "primary_queue_microsoft_endpoint": null,
            "primary_queue_microsoft_host": null,
            "primary_table_endpoint": "https://tfcloudresume1.table.core.windows.net/",
            "primary_table_host": "tfcloudresume1.table.core.windows.net",
            "primary_table_microsoft_endpoint": null,
            "primary_table_microsoft_host": null,
            "primary_web_endpoint": "https://tfcloudresume1.z6.web.core.windows.net/",
            "primary_web_host": "tfcloudresume1.z6.web.core.windows.net",
            "primary_web_internet_endpoint": null,
            "primary_web_internet_host": null,
            "primary_web_microsoft_endpoint": null,
            "primary_web_microsoft_host": null,
            "public_network_access_enabled": true,
            "queue_encryption_key_type": "Service",
            "queue_properties": [
              {
                "cors_rule": [],
                "hour_metrics": [
                  {
                    "enabled": true,
                    "include_apis": true,
                    "retention_policy_days": 7,
                    "version": "1.0"
                  }
                ],
                "logging": [
                  {
                    "delete": false,
                    "read": false,
                    "retention_policy_days": 0,
                    "version": "1.0",
                    "write": false
                  }
                ],
                "minute_metrics": [
                  {
                    "enabled": false,
                    "include_apis": false,
                    "retention_policy_days": 0,
                    "version": "1.0"
                  }
                ]
              }
            ],
            "resource_group_name": "tf_cloud_resume",
            "routing": [],
            "sas_policy": [],
            "secondary_access_key": "gOUbFQaGktU7mf+s3+PrVP4dfnZhYo4xjVpE/DXS0gsc13xERyqsoxz1zr+uPH7rWQt65tPlBLxj+AStZFnQug==",
            "secondary_blob_connection_string": "",
            "secondary_blob_endpoint": null,
            "secondary_blob_host": null,
            "secondary_blob_internet_endpoint": null,
            "secondary_blob_internet_host": null,
            "secondary_blob_microsoft_endpoint": null,
            "secondary_blob_microsoft_host": null,
            "secondary_connection_string": "DefaultEndpointsProtocol=https;AccountName=tfcloudresume1;AccountKey=gOUbFQaGktU7mf+s3+PrVP4dfnZhYo4xjVpE/DXS0gsc13xERyqsoxz1zr+uPH7rWQt65tPlBLxj+AStZFnQug==;EndpointSuffix=core.windows.net",
            "secondary_dfs_endpoint": null,
            "secondary_dfs_host": null,
            "secondary_dfs_internet_endpoint": null,
            "secondary_dfs_internet_host": null,
            "secondary_dfs_microsoft_endpoint": null,
            "secondary_dfs_microsoft_host": null,
            "secondary_file_endpoint": null,
            "secondary_file_host": null,
            "secondary_file_internet_endpoint": null,
            "secondary_file_internet_host": null,
            "secondary_file_microsoft_endpoint": null,
            "secondary_file_microsoft_host": null,
            "secondary_location": "",
            "secondary_queue_endpoint": null,
            "secondary_queue_host": null,
            "secondary_queue_microsoft_endpoint": null,
            "secondary_queue_microsoft_host": null,
            "secondary_table_endpoint": null,
            "secondary_table_host": null,
            "secondary_table_microsoft_endpoint": null,
            "secondary_table_microsoft_host": null,
            "secondary_web_endpoint": null,
            "secondary_web_host": null,
            "secondary_web_internet_endpoint": null,
            "secondary_web_internet_host": null,
            "secondary_web_microsoft_endpoint": null,
            "secondary_web_microsoft_host": null,
            "sftp_enabled": false,
            "share_properties": [
              {
                "cors_rule": [],
                "retention_policy": [
                  {
                    "days": 7
                  }
                ],
                "smb": []
              }
            ],
            "shared_access_key_enabled": true,
            "static_website": [
              {
                "error_404_document": "",
                "index_document": "index.html"
              }
            ],
            "table_encryption_key_type": "Service",
            "tags": {
              "environment": "Test-TF-cloud-resume"
            },
            "timeouts": null
          },
          "sensitive_attributes": [],
          "private": "eyJlMmJmYjczMC1lY2FhLTExZTYtOGY4OC0zNDM2M2JjN2M0YzAiOnsiY3JlYXRlIjozNjAwMDAwMDAwMDAwLCJkZWxldGUiOjM2MDAwMDAwMDAwMDAsInJlYWQiOjMwMDAwMDAwMDAwMCwidXBkYXRlIjozNjAwMDAwMDAwMDAwfSwic2NoZW1hX3ZlcnNpb24iOiI0In0=",
          "dependencies": [
            "module.static-website.azurerm_resource_group.static_website_tf"
          ]
        }
      ]
    }
  ],
  "check_results": null
}
